
Microsoft Visual Studio Solution File, Format Version 12.00
# Visual Studio Version 17
VisualStudioVersion = 17.1.32210.238
MinimumVisualStudioVersion = 10.0.40219.1
Project("{8BC9CEB8-8B4A-11D0-8D11-00A0C91BC942}") = "논회설EPI", "논회설EPI\논회설EPI.vcxproj", "{39F0AB61-4485-412A-A3FE-370425DB6E08}"
EndProject
Project("{8BC9CEB8-8B4A-11D0-8D11-00A0C91BC942}") = "RD", "RD\RD.vcxproj", "{4B8D1F7F-8F5E-4755-A598-6495C28BFE5C}"
EndProject
Project("{8BC9CEB8-8B4A-11D0-8D11-00A0C91BC942}") = "PM", "PM\PM.vcxproj", "{4F356372-58ED-4040-A9A8-A000FA6FCD7A}"
EndProject
Project("{8BC9CEB8-8B4A-11D0-8D11-00A0C91BC942}") = "CD", "CD\CD.vcxproj", "{5A32A907-8227-459A-B4AE-52E3455D8E88}"
EndProject
Global
	GlobalSection(SolutionConfigurationPlatforms) = preSolution
		Debug|x64 = Debug|x64
		Debug|x86 = Debug|x86
		Release|x64 = Release|x64
		Release|x86 = Release|x86
	EndGlobalSection
	GlobalSection(ProjectConfigurationPlatforms) = postSolution
		{39F0AB61-4485-412A-A3FE-370425DB6E08}.Debug|x64.ActiveCfg = Debug|x64
		{39F0AB61-4485-412A-A3FE-370425DB6E08}.Debug|x64.Build.0 = Debug|x64
		{39F0AB61-4485-412A-A3FE-370425DB6E08}.Debug|x86.ActiveCfg = Debug|Win32
		{39F0AB61-4485-412A-A3FE-370425DB6E08}.Debug|x86.Build.0 = Debug|Win32
		{39F0AB61-4485-412A-A3FE-370425DB6E08}.Release|x64.ActiveCfg = Release|x64
		{39F0AB61-4485-412A-A3FE-370425DB6E08}.Release|x64.Build.0 = Release|x64
		{39F0AB61-4485-412A-A3FE-370425DB6E08}.Release|x86.ActiveCfg = Release|Win32
		{39F0AB61-4485-412A-A3FE-370425DB6E08}.Release|x86.Build.0 = Release|Win32
		{4B8D1F7F-8F5E-4755-A598-6495C28BFE5C}.Debug|x64.ActiveCfg = Debug|x64
		{4B8D1F7F-8F5E-4755-A598-6495C28BFE5C}.Debug|x64.Build.0 = Debug|x64
		{4B8D1F7F-8F5E-4755-A598-6495C28BFE5C}.Debug|x86.ActiveCfg = Debug|Win32
		{4B8D1F7F-8F5E-4755-A598-6495C28BFE5C}.Debug|x86.Build.0 = Debug|Win32
		{4B8D1F7F-8F5E-4755-A598-6495C28BFE5C}.Release|x64.ActiveCfg = Release|x64
		{4B8D1F7F-8F5E-4755-A598-6495C28BFE5C}.Release|x64.Build.0 = Release|x64
		{4B8D1F7F-8F5E-4755-A598-6495C28BFE5C}.Release|x86.ActiveCfg = Release|Win32
		{4B8D1F7F-8F5E-4755-A598-6495C28BFE5C}.Release|x86.Build.0 = Release|Win32
		{4F356372-58ED-4040-A9A8-A000FA6FCD7A}.Debug|x64.ActiveCfg = Debug|x64
		{4F356372-58ED-4040-A9A8-A000FA6FCD7A}.Debug|x64.Build.0 = Debug|x64
		{4F356372-58ED-4040-A9A8-A000FA6FCD7A}.Debug|x86.ActiveCfg = Debug|Win32
		{4F356372-58ED-4040-A9A8-A000FA6FCD7A}.Debug|x86.Build.0 = Debug|Win32
		{4F356372-58ED-4040-A9A8-A000FA6FCD7A}.Release|x64.ActiveCfg = Release|x64
		{4F356372-58ED-4040-A9A8-A000FA6FCD7A}.Release|x64.Build.0 = Release|x64
		{4F356372-58ED-4040-A9A8-A000FA6FCD7A}.Release|x86.ActiveCfg = Release|Win32
		{4F356372-58ED-4040-A9A8-A000FA6FCD7A}.Release|x86.Build.0 = Release|Win32
		{5A32A907-8227-459A-B4AE-52E3455D8E88}.Debug|x64.ActiveCfg = Debug|x64
		{5A32A907-8227-459A-B4AE-52E3455D8E88}.Debug|x64.Build.0 = Debug|x64
		{5A32A907-8227-459A-B4AE-52E3455D8E88}.Debug|x86.ActiveCfg = Debug|Win32
		{5A32A907-8227-459A-B4AE-52E3455D8E88}.Debug|x86.Build.0 = Debug|Win32
		{5A32A907-8227-459A-B4AE-52E3455D8E88}.Release|x64.ActiveCfg = Release|x64
		{5A32A907-8227-459A-B4AE-52E3455D8E88}.Release|x64.Build.0 = Release|x64
		{5A32A907-8227-459A-B4AE-52E3455D8E88}.Release|x86.ActiveCfg = Release|Win32
		{5A32A907-8227-459A-B4AE-52E3455D8E88}.Release|x86.Build.0 = Release|Win32
	EndGlobalSection
	GlobalSection(SolutionProperties) = preSolution
		HideSolutionNode = FALSE
	EndGlobalSection
	GlobalSection(ExtensibilityGlobals) = postSolution
		SolutionGuid = {C4F89AFD-BFE5-4832-AF88-D0DE84D396CD}
	EndGlobalSection
EndGlobal
